// !$*UTF8*$!
{
	archiveVersion = 1;
	classes = {
	};
	objectVersion = 46;
	objects = {

/* Begin PBXBuildFile section */
		281C85251A5FB15C00A02B64 /* Settings.bundle in Resources */ = {isa = PBXBuildFile; fileRef = 281C85241A5FB15C00A02B64 /* Settings.bundle */; };
		38A148C51A55900600E1895C /* AppDelegate.swift in Sources */ = {isa = PBXBuildFile; fileRef = 38A148C41A55900600E1895C /* AppDelegate.swift */; };
		38A148C71A55900600E1895C /* ViewController.swift in Sources */ = {isa = PBXBuildFile; fileRef = 38A148C61A55900600E1895C /* ViewController.swift */; };
		38A148CA1A55900600E1895C /* Main.storyboard in Resources */ = {isa = PBXBuildFile; fileRef = 38A148C81A55900600E1895C /* Main.storyboard */; };
		38A148CC1A55900600E1895C /* Images.xcassets in Resources */ = {isa = PBXBuildFile; fileRef = 38A148CB1A55900600E1895C /* Images.xcassets */; };
		38A148CF1A55900600E1895C /* LaunchScreen.xib in Resources */ = {isa = PBXBuildFile; fileRef = 38A148CD1A55900600E1895C /* LaunchScreen.xib */; };
		38A148DB1A55900600E1895C /* Easy_FlyerTests.swift in Sources */ = {isa = PBXBuildFile; fileRef = 38A148DA1A55900600E1895C /* Easy_FlyerTests.swift */; };
		38B36D791A5746E100A75DC2 /* FlyerPageViewController.swift in Sources */ = {isa = PBXBuildFile; fileRef = 38B36D781A5746E100A75DC2 /* FlyerPageViewController.swift */; };
		38B36D7B1A57589400A75DC2 /* FlyerContentViewController.swift in Sources */ = {isa = PBXBuildFile; fileRef = 38B36D7A1A57589400A75DC2 /* FlyerContentViewController.swift */; };
		38EE39CC1A5903F5007BDCD1 /* CouponRequestViewController.swift in Sources */ = {isa = PBXBuildFile; fileRef = 38EE39CB1A5903F5007BDCD1 /* CouponRequestViewController.swift */; };
		5EB2A29FB9F945DA2B3EFA00 /* libPods.a in Frameworks */ = {isa = PBXBuildFile; fileRef = 2D89F4ACA802A4188FEA7AA2 /* libPods.a */; };
/* End PBXBuildFile section */

/* Begin PBXContainerItemProxy section */
		38A148D51A55900600E1895C /* PBXContainerItemProxy */ = {
			isa = PBXContainerItemProxy;
			containerPortal = 38A148B71A55900600E1895C /* Project object */;
			proxyType = 1;
			remoteGlobalIDString = 38A148BE1A55900600E1895C;
			remoteInfo = "Easy Flyer";
		};
/* End PBXContainerItemProxy section */

/* Begin PBXFileReference section */
		1BE316B3605FE327E68F8D2C /* Pods.release.xcconfig */ = {isa = PBXFileReference; includeInIndex = 1; lastKnownFileType = text.xcconfig; name = Pods.release.xcconfig; path = "Pods/Target Support Files/Pods/Pods.release.xcconfig"; sourceTree = "<group>"; };
		281C85241A5FB15C00A02B64 /* Settings.bundle */ = {isa = PBXFileReference; lastKnownFileType = "wrapper.plug-in"; path = Settings.bundle; sourceTree = "<group>"; };
		2D89F4ACA802A4188FEA7AA2 /* libPods.a */ = {isa = PBXFileReference; explicitFileType = archive.ar; includeInIndex = 0; path = libPods.a; sourceTree = BUILT_PRODUCTS_DIR; };
		38A148BF1A55900600E1895C /* Easy Flyer.app */ = {isa = PBXFileReference; explicitFileType = wrapper.application; includeInIndex = 0; path = "Easy Flyer.app"; sourceTree = BUILT_PRODUCTS_DIR; };
		38A148C31A55900600E1895C /* Info.plist */ = {isa = PBXFileReference; lastKnownFileType = text.plist.xml; path = Info.plist; sourceTree = "<group>"; };
		38A148C41A55900600E1895C /* AppDelegate.swift */ = {isa = PBXFileReference; lastKnownFileType = sourcecode.swift; path = AppDelegate.swift; sourceTree = "<group>"; };
		38A148C61A55900600E1895C /* ViewController.swift */ = {isa = PBXFileReference; lastKnownFileType = sourcecode.swift; path = ViewController.swift; sourceTree = "<group>"; };
		38A148C91A55900600E1895C /* Base */ = {isa = PBXFileReference; lastKnownFileType = file.storyboard; name = Base; path = Base.lproj/Main.storyboard; sourceTree = "<group>"; };
		38A148CB1A55900600E1895C /* Images.xcassets */ = {isa = PBXFileReference; lastKnownFileType = folder.assetcatalog; path = Images.xcassets; sourceTree = "<group>"; };
		38A148CE1A55900600E1895C /* Base */ = {isa = PBXFileReference; lastKnownFileType = file.xib; name = Base; path = Base.lproj/LaunchScreen.xib; sourceTree = "<group>"; };
		38A148D41A55900600E1895C /* Easy FlyerTests.xctest */ = {isa = PBXFileReference; explicitFileType = wrapper.cfbundle; includeInIndex = 0; path = "Easy FlyerTests.xctest"; sourceTree = BUILT_PRODUCTS_DIR; };
		38A148D91A55900600E1895C /* Info.plist */ = {isa = PBXFileReference; lastKnownFileType = text.plist.xml; path = Info.plist; sourceTree = "<group>"; };
		38A148DA1A55900600E1895C /* Easy_FlyerTests.swift */ = {isa = PBXFileReference; lastKnownFileType = sourcecode.swift; path = Easy_FlyerTests.swift; sourceTree = "<group>"; };
		38A148E41A55923B00E1895C /* Easy-Flyer-Bridging-Header.h */ = {isa = PBXFileReference; lastKnownFileType = sourcecode.c.h; path = "Easy-Flyer-Bridging-Header.h"; sourceTree = "<group>"; };
		38B36D781A5746E100A75DC2 /* FlyerPageViewController.swift */ = {isa = PBXFileReference; fileEncoding = 4; lastKnownFileType = sourcecode.swift; path = FlyerPageViewController.swift; sourceTree = "<group>"; };
		38B36D7A1A57589400A75DC2 /* FlyerContentViewController.swift */ = {isa = PBXFileReference; fileEncoding = 4; lastKnownFileType = sourcecode.swift; path = FlyerContentViewController.swift; sourceTree = "<group>"; };
		38EE39CB1A5903F5007BDCD1 /* CouponRequestViewController.swift */ = {isa = PBXFileReference; fileEncoding = 4; lastKnownFileType = sourcecode.swift; path = CouponRequestViewController.swift; sourceTree = "<group>"; };
		90557F6165A66A9F7F3787E8 /* Pods.debug.xcconfig */ = {isa = PBXFileReference; includeInIndex = 1; lastKnownFileType = text.xcconfig; name = Pods.debug.xcconfig; path = "Pods/Target Support Files/Pods/Pods.debug.xcconfig"; sourceTree = "<group>"; };
/* End PBXFileReference section */

/* Begin PBXFrameworksBuildPhase section */
		38A148BC1A55900600E1895C /* Frameworks */ = {
			isa = PBXFrameworksBuildPhase;
			buildActionMask = 2147483647;
			files = (
				5EB2A29FB9F945DA2B3EFA00 /* libPods.a in Frameworks */,
			);
			runOnlyForDeploymentPostprocessing = 0;
		};
		38A148D11A55900600E1895C /* Frameworks */ = {
			isa = PBXFrameworksBuildPhase;
			buildActionMask = 2147483647;
			files = (
			);
			runOnlyForDeploymentPostprocessing = 0;
		};
/* End PBXFrameworksBuildPhase section */

/* Begin PBXGroup section */
		38A148B61A55900600E1895C = {
			isa = PBXGroup;
			children = (
				38A148C11A55900600E1895C /* Easy Flyer */,
				38A148D71A55900600E1895C /* Easy FlyerTests */,
				38A148C01A55900600E1895C /* Products */,
				F76C23863358315622812514 /* Pods */,
				960A5A130DB233581F05EF4D /* Frameworks */,
			);
			sourceTree = "<group>";
		};
		38A148C01A55900600E1895C /* Products */ = {
			isa = PBXGroup;
			children = (
				38A148BF1A55900600E1895C /* Easy Flyer.app */,
				38A148D41A55900600E1895C /* Easy FlyerTests.xctest */,
			);
			name = Products;
			sourceTree = "<group>";
		};
		38A148C11A55900600E1895C /* Easy Flyer */ = {
			isa = PBXGroup;
			children = (
				38A148C81A55900600E1895C /* Main.storyboard */,
				38A148C41A55900600E1895C /* AppDelegate.swift */,
				38A148C61A55900600E1895C /* ViewController.swift */,
				38B36D781A5746E100A75DC2 /* FlyerPageViewController.swift */,
				38B36D7A1A57589400A75DC2 /* FlyerContentViewController.swift */,
				38EE39CB1A5903F5007BDCD1 /* CouponRequestViewController.swift */,
				38A148CB1A55900600E1895C /* Images.xcassets */,
				38A148CD1A55900600E1895C /* LaunchScreen.xib */,
				38A148C21A55900600E1895C /* Supporting Files */,
				38A148E41A55923B00E1895C /* Easy-Flyer-Bridging-Header.h */,
				281C85241A5FB15C00A02B64 /* Settings.bundle */,
			);
			path = "Easy Flyer";
			sourceTree = "<group>";
		};
		38A148C21A55900600E1895C /* Supporting Files */ = {
			isa = PBXGroup;
			children = (
				38A148C31A55900600E1895C /* Info.plist */,
			);
			name = "Supporting Files";
			sourceTree = "<group>";
		};
		38A148D71A55900600E1895C /* Easy FlyerTests */ = {
			isa = PBXGroup;
			children = (
				38A148DA1A55900600E1895C /* Easy_FlyerTests.swift */,
				38A148D81A55900600E1895C /* Supporting Files */,
			);
			path = "Easy FlyerTests";
			sourceTree = "<group>";
		};
		38A148D81A55900600E1895C /* Supporting Files */ = {
			isa = PBXGroup;
			children = (
				38A148D91A55900600E1895C /* Info.plist */,
			);
			name = "Supporting Files";
			sourceTree = "<group>";
		};
		960A5A130DB233581F05EF4D /* Frameworks */ = {
			isa = PBXGroup;
			children = (
				2D89F4ACA802A4188FEA7AA2 /* libPods.a */,
			);
			name = Frameworks;
			sourceTree = "<group>";
		};
		F76C23863358315622812514 /* Pods */ = {
			isa = PBXGroup;
			children = (
				90557F6165A66A9F7F3787E8 /* Pods.debug.xcconfig */,
				1BE316B3605FE327E68F8D2C /* Pods.release.xcconfig */,
			);
			name = Pods;
			sourceTree = "<group>";
		};
/* End PBXGroup section */

/* Begin PBXNativeTarget section */
		38A148BE1A55900600E1895C /* Easy Flyer */ = {
			isa = PBXNativeTarget;
			buildConfigurationList = 38A148DE1A55900600E1895C /* Build configuration list for PBXNativeTarget "Easy Flyer" */;
			buildPhases = (
				194D4D53363B44EF9E1A7238 /* Check Pods Manifest.lock */,
				38A148BB1A55900600E1895C /* Sources */,
				38A148BC1A55900600E1895C /* Frameworks */,
				38A148BD1A55900600E1895C /* Resources */,
				667E40FDE2526D275AF435C4 /* Copy Pods Resources */,
			);
			buildRules = (
			);
			dependencies = (
			);
			name = "Easy Flyer";
			productName = "Easy Flyer";
			productReference = 38A148BF1A55900600E1895C /* Easy Flyer.app */;
			productType = "com.apple.product-type.application";
		};
		38A148D31A55900600E1895C /* Easy FlyerTests */ = {
			isa = PBXNativeTarget;
			buildConfigurationList = 38A148E11A55900600E1895C /* Build configuration list for PBXNativeTarget "Easy FlyerTests" */;
			buildPhases = (
				38A148D01A55900600E1895C /* Sources */,
				38A148D11A55900600E1895C /* Frameworks */,
				38A148D21A55900600E1895C /* Resources */,
			);
			buildRules = (
			);
			dependencies = (
				38A148D61A55900600E1895C /* PBXTargetDependency */,
			);
			name = "Easy FlyerTests";
			productName = "Easy FlyerTests";
			productReference = 38A148D41A55900600E1895C /* Easy FlyerTests.xctest */;
			productType = "com.apple.product-type.bundle.unit-test";
		};
/* End PBXNativeTarget section */

/* Begin PBXProject section */
		38A148B71A55900600E1895C /* Project object */ = {
			isa = PBXProject;
			attributes = {
				LastUpgradeCheck = 0610;
				ORGANIZATIONNAME = salesforce.com;
				TargetAttributes = {
					38A148BE1A55900600E1895C = {
						CreatedOnToolsVersion = 6.1.1;
					};
					38A148D31A55900600E1895C = {
						CreatedOnToolsVersion = 6.1.1;
						TestTargetID = 38A148BE1A55900600E1895C;
					};
				};
			};
			buildConfigurationList = 38A148BA1A55900600E1895C /* Build configuration list for PBXProject "Easy Flyer" */;
			compatibilityVersion = "Xcode 3.2";
			developmentRegion = English;
			hasScannedForEncodings = 0;
			knownRegions = (
				en,
				Base,
			);
			mainGroup = 38A148B61A55900600E1895C;
			productRefGroup = 38A148C01A55900600E1895C /* Products */;
			projectDirPath = "";
			projectRoot = "";
			targets = (
				38A148BE1A55900600E1895C /* Easy Flyer */,
				38A148D31A55900600E1895C /* Easy FlyerTests */,
			);
		};
/* End PBXProject section */

/* Begin PBXResourcesBuildPhase section */
		38A148BD1A55900600E1895C /* Resources */ = {
			isa = PBXResourcesBuildPhase;
			buildActionMask = 2147483647;
			files = (
				281C85251A5FB15C00A02B64 /* Settings.bundle in Resources */,
				38A148CA1A55900600E1895C /* Main.storyboard in Resources */,
				38A148CF1A55900600E1895C /* LaunchScreen.xib in Resources */,
				38A148CC1A55900600E1895C /* Images.xcassets in Resources */,
			);
			runOnlyForDeploymentPostprocessing = 0;
		};
		38A148D21A55900600E1895C /* Resources */ = {
			isa = PBXResourcesBuildPhase;
			buildActionMask = 2147483647;
			files = (
			);
			runOnlyForDeploymentPostprocessing = 0;
		};
/* End PBXResourcesBuildPhase section */

/* Begin PBXShellScriptBuildPhase section */
		194D4D53363B44EF9E1A7238 /* Check Pods Manifest.lock */ = {
			isa = PBXShellScriptBuildPhase;
			buildActionMask = 2147483647;
			files = (
			);
			inputPaths = (
			);
			name = "Check Pods Manifest.lock";
			outputPaths = (
			);
			runOnlyForDeploymentPostprocessing = 0;
			shellPath = /bin/sh;
			shellScript = "diff \"${PODS_ROOT}/../Podfile.lock\" \"${PODS_ROOT}/Manifest.lock\" > /dev/null\nif [[ $? != 0 ]] ; then\n    cat << EOM\nerror: The sandbox is not in sync with the Podfile.lock. Run 'pod install' or update your CocoaPods installation.\nEOM\n    exit 1\nfi\n";
			showEnvVarsInLog = 0;
		};
		667E40FDE2526D275AF435C4 /* Copy Pods Resources */ = {
			isa = PBXShellScriptBuildPhase;
			buildActionMask = 2147483647;
			files = (
			);
			inputPaths = (
			);
			name = "Copy Pods Resources";
			outputPaths = (
			);
			runOnlyForDeploymentPostprocessing = 0;
			shellPath = /bin/sh;
			shellScript = "\"${SRCROOT}/Pods/Target Support Files/Pods/Pods-resources.sh\"\n";
			showEnvVarsInLog = 0;
		};
/* End PBXShellScriptBuildPhase section */

/* Begin PBXSourcesBuildPhase section */
		38A148BB1A55900600E1895C /* Sources */ = {
			isa = PBXSourcesBuildPhase;
			buildActionMask = 2147483647;
			files = (
				38A148C71A55900600E1895C /* ViewController.swift in Sources */,
				38B36D791A5746E100A75DC2 /* FlyerPageViewController.swift in Sources */,
				38B36D7B1A57589400A75DC2 /* FlyerContentViewController.swift in Sources */,
				38A148C51A55900600E1895C /* AppDelegate.swift in Sources */,
				38EE39CC1A5903F5007BDCD1 /* CouponRequestViewController.swift in Sources */,
			);
			runOnlyForDeploymentPostprocessing = 0;
		};
		38A148D01A55900600E1895C /* Sources */ = {
			isa = PBXSourcesBuildPhase;
			buildActionMask = 2147483647;
			files = (
				38A148DB1A55900600E1895C /* Easy_FlyerTests.swift in Sources */,
			);
			runOnlyForDeploymentPostprocessing = 0;
		};
/* End PBXSourcesBuildPhase section */

/* Begin PBXTargetDependency section */
		38A148D61A55900600E1895C /* PBXTargetDependency */ = {
			isa = PBXTargetDependency;
			target = 38A148BE1A55900600E1895C /* Easy Flyer */;
			targetProxy = 38A148D51A55900600E1895C /* PBXContainerItemProxy */;
		};
/* End PBXTargetDependency section */

/* Begin PBXVariantGroup section */
		38A148C81A55900600E1895C /* Main.storyboard */ = {
			isa = PBXVariantGroup;
			children = (
				38A148C91A55900600E1895C /* Base */,
			);
			name = Main.storyboard;
			sourceTree = "<group>";
		};
		38A148CD1A55900600E1895C /* LaunchScreen.xib */ = {
			isa = PBXVariantGroup;
			children = (
				38A148CE1A55900600E1895C /* Base */,
			);
			name = LaunchScreen.xib;
			sourceTree = "<group>";
		};
/* End PBXVariantGroup section */

/* Begin XCBuildConfiguration section */
		38A148DC1A55900600E1895C /* Debug */ = {
			isa = XCBuildConfiguration;
			buildSettings = {
				ALWAYS_SEARCH_USER_PATHS = NO;
				CLANG_CXX_LANGUAGE_STANDARD = "gnu++0x";
				CLANG_CXX_LIBRARY = "libc++";
				CLANG_ENABLE_MODULES = YES;
				CLANG_ENABLE_OBJC_ARC = YES;
				CLANG_WARN_BOOL_CONVERSION = YES;
				CLANG_WARN_CONSTANT_CONVERSION = YES;
				CLANG_WARN_DIRECT_OBJC_ISA_USAGE = YES_ERROR;
				CLANG_WARN_EMPTY_BODY = YES;
				CLANG_WARN_ENUM_CONVERSION = YES;
				CLANG_WARN_INT_CONVERSION = YES;
				CLANG_WARN_OBJC_ROOT_CLASS = YES_ERROR;
				CLANG_WARN_UNREACHABLE_CODE = YES;
				CLANG_WARN__DUPLICATE_METHOD_MATCH = YES;
				"CODE_SIGN_IDENTITY[sdk=iphoneos*]" = "iPhone Developer";
				COPY_PHASE_STRIP = NO;
				ENABLE_STRICT_OBJC_MSGSEND = YES;
				GCC_C_LANGUAGE_STANDARD = gnu99;
				GCC_DYNAMIC_NO_PIC = NO;
				GCC_OPTIMIZATION_LEVEL = 0;
				GCC_PREPROCESSOR_DEFINITIONS = (
					"DEBUG=1",
					"$(inherited)",
				);
				GCC_SYMBOLS_PRIVATE_EXTERN = NO;
				GCC_WARN_64_TO_32_BIT_CONVERSION = YES;
				GCC_WARN_ABOUT_RETURN_TYPE = YES_ERROR;
				GCC_WARN_UNDECLARED_SELECTOR = YES;
				GCC_WARN_UNINITIALIZED_AUTOS = YES_AGGRESSIVE;
				GCC_WARN_UNUSED_FUNCTION = YES;
				GCC_WARN_UNUSED_VARIABLE = YES;
				IPHONEOS_DEPLOYMENT_TARGET = 8.1;
				MTL_ENABLE_DEBUG_INFO = YES;
				ONLY_ACTIVE_ARCH = YES;
				SDKROOT = iphoneos;
				SWIFT_OPTIMIZATION_LEVEL = "-Onone";
			};
			name = Debug;
		};
		38A148DD1A55900600E1895C /* Release */ = {
			isa = XCBuildConfiguration;
			buildSettings = {
				ALWAYS_SEARCH_USER_PATHS = NO;
				CLANG_CXX_LANGUAGE_STANDARD = "gnu++0x";
				CLANG_CXX_LIBRARY = "libc++";
				CLANG_ENABLE_MODULES = YES;
				CLANG_ENABLE_OBJC_ARC = YES;
				CLANG_WARN_BOOL_CONVERSION = YES;
				CLANG_WARN_CONSTANT_CONVERSION = YES;
				CLANG_WARN_DIRECT_OBJC_ISA_USAGE = YES_ERROR;
				CLANG_WARN_EMPTY_BODY = YES;
				CLANG_WARN_ENUM_CONVERSION = YES;
				CLANG_WARN_INT_CONVERSION = YES;
				CLANG_WARN_OBJC_ROOT_CLASS = YES_ERROR;
				CLANG_WARN_UNREACHABLE_CODE = YES;
				CLANG_WARN__DUPLICATE_METHOD_MATCH = YES;
				"CODE_SIGN_IDENTITY[sdk=iphoneos*]" = "iPhone Developer";
				COPY_PHASE_STRIP = YES;
				ENABLE_NS_ASSERTIONS = NO;
				ENABLE_STRICT_OBJC_MSGSEND = YES;
				GCC_C_LANGUAGE_STANDARD = gnu99;
				GCC_WARN_64_TO_32_BIT_CONVERSION = YES;
				GCC_WARN_ABOUT_RETURN_TYPE = YES_ERROR;
				GCC_WARN_UNDECLARED_SELECTOR = YES;
				GCC_WARN_UNINITIALIZED_AUTOS = YES_AGGRESSIVE;
				GCC_WARN_UNUSED_FUNCTION = YES;
				GCC_WARN_UNUSED_VARIABLE = YES;
				IPHONEOS_DEPLOYMENT_TARGET = 8.1;
				MTL_ENABLE_DEBUG_INFO = NO;
				SDKROOT = iphoneos;
				VALIDATE_PRODUCT = YES;
			};
			name = Release;
		};
		38A148DF1A55900600E1895C /* Debug */ = {
			isa = XCBuildConfiguration;
			baseConfigurationReference = 90557F6165A66A9F7F3787E8 /* Pods.debug.xcconfig */;
			buildSettings = {
				ASSETCATALOG_COMPILER_APPICON_NAME = AppIcon;
				CODE_SIGN_IDENTITY = "iPhone Developer";
				INFOPLIST_FILE = "Easy Flyer/Info.plist";
				LD_RUNPATH_SEARCH_PATHS = "$(inherited) @executable_path/Frameworks";
				PRODUCT_NAME = "$(TARGET_NAME)";
				PROVISIONING_PROFILE = "80b7fed9-bba4-4b31-a456-bbc2e945d768";
				SWIFT_OBJC_BRIDGING_HEADER = "$(PROJECT)/Easy-Flyer-Bridging-Header.h";
			};
			name = Debug;
		};
		38A148E01A55900600E1895C /* Release */ = {
			isa = XCBuildConfiguration;
			baseConfigurationReference = 1BE316B3605FE327E68F8D2C /* Pods.release.xcconfig */;
			buildSettings = {
				ASSETCATALOG_COMPILER_APPICON_NAME = AppIcon;
				CODE_SIGN_IDENTITY = "iPhone Distribution";
				INFOPLIST_FILE = "Easy Flyer/Info.plist";
				LD_RUNPATH_SEARCH_PATHS = "$(inherited) @executable_path/Frameworks";
				PRODUCT_NAME = "$(TARGET_NAME)";
				PROVISIONING_PROFILE = "680ae6de-0f1f-4451-a0dd-eafefcdeda60";
				SWIFT_OBJC_BRIDGING_HEADER = "$(PROJECT)/Easy-Flyer-Bridging-Header.h";
			};
			name = Release;
		};
		38A148E21A55900600E1895C /* Debug */ = {
			isa = XCBuildConfiguration;
			buildSettings = {
				BUNDLE_LOADER = "$(TEST_HOST)";
				FRAMEWORK_SEARCH_PATHS = (
					"$(SDKROOT)/Developer/Library/Frameworks",
					"$(inherited)",
				);
				GCC_PREPROCESSOR_DEFINITIONS = (
					"DEBUG=1",
					"$(inherited)",
				);
				INFOPLIST_FILE = "Easy FlyerTests/Info.plist";
				LD_RUNPATH_SEARCH_PATHS = "$(inherited) @executable_path/Frameworks @loader_path/Frameworks";
				PRODUCT_NAME = "$(TARGET_NAME)";
				TEST_HOST = "$(BUILT_PRODUCTS_DIR)/Easy Flyer.app/Easy Flyer";
			};
			name = Debug;
		};
		38A148E31A55900600E1895C /* Release */ = {
			isa = XCBuildConfiguration;
			buildSettings = {
				BUNDLE_LOADER = "$(TEST_HOST)";
				FRAMEWORK_SEARCH_PATHS = (
					"$(SDKROOT)/Developer/Library/Frameworks",
					"$(inherited)",
				);
				INFOPLIST_FILE = "Easy FlyerTests/Info.plist";
				LD_RUNPATH_SEARCH_PATHS = "$(inherited) @executable_path/Frameworks @loader_path/Frameworks";
				PRODUCT_NAME = "$(TARGET_NAME)";
				TEST_HOST = "$(BUILT_PRODUCTS_DIR)/Easy Flyer.app/Easy Flyer";
			};
			name = Release;
		};
/* End XCBuildConfiguration section */

/* Begin XCConfigurationList section */
		38A148BA1A55900600E1895C /* Build configuration list for PBXProject "Easy Flyer" */ = {
			isa = XCConfigurationList;
			buildConfigurations = (
				38A148DC1A55900600E1895C /* Debug */,
				38A148DD1A55900600E1895C /* Release */,
			);
			defaultConfigurationIsVisible = 0;
			defaultConfigurationName = Release;
		};
		38A148DE1A55900600E1895C /* Build configuration list for PBXNativeTarget "Easy Flyer" */ = {
			isa = XCConfigurationList;
			buildConfigurations = (
				38A148DF1A55900600E1895C /* Debug */,
				38A148E01A55900600E1895C /* Release */,
			);
			defaultConfigurationIsVisible = 0;
			defaultConfigurationName = Release;
		};
		38A148E11A55900600E1895C /* Build configuration list for PBXNativeTarget "Easy FlyerTests" */ = {
			isa = XCConfigurationList;
			buildConfigurations = (
				38A148E21A55900600E1895C /* Debug */,
				38A148E31A55900600E1895C /* Release */,
			);
			defaultConfigurationIsVisible = 0;
			defaultConfigurationName = Release;
		};
/* End XCConfigurationList section */
	};
	rootObject = 38A148B71A55900600E1895C /* Project object */;
}
